// !$*UTF8*$!
{
	archiveVersion = 1;
	classes = {
	};
	objectVersion = 46;
	objects = {

/* Begin PBXBuildFile section */
		1890CCEB1D712B790031484E /* main.m in Sources */ = {isa = PBXBuildFile; fileRef = 1890CCEA1D712B790031484E /* main.m */; };
		1890CCEE1D712B790031484E /* AppDelegate.m in Sources */ = {isa = PBXBuildFile; fileRef = 1890CCED1D712B790031484E /* AppDelegate.m */; };
		1890CCF11D712B790031484E /* ViewController.m in Sources */ = {isa = PBXBuildFile; fileRef = 1890CCF01D712B790031484E /* ViewController.m */; };
		1890CCF41D712B790031484E /* Main.storyboard in Resources */ = {isa = PBXBuildFile; fileRef = 1890CCF21D712B790031484E /* Main.storyboard */; };
		1890CCF61D712B790031484E /* Assets.xcassets in Resources */ = {isa = PBXBuildFile; fileRef = 1890CCF51D712B790031484E /* Assets.xcassets */; };
		1890CCF91D712B790031484E /* LaunchScreen.storyboard in Resources */ = {isa = PBXBuildFile; fileRef = 1890CCF71D712B790031484E /* LaunchScreen.storyboard */; };
		1890CD041D712B790031484E /* LFTopDrawerViewDemoTests.m in Sources */ = {isa = PBXBuildFile; fileRef = 1890CD031D712B790031484E /* LFTopDrawerViewDemoTests.m */; };
		1890CD0F1D712B790031484E /* LFTopDrawerViewDemoUITests.m in Sources */ = {isa = PBXBuildFile; fileRef = 1890CD0E1D712B790031484E /* LFTopDrawerViewDemoUITests.m */; };
		1890CD1E1D712BD70031484E /* LFTopDrawerViewController.m in Sources */ = {isa = PBXBuildFile; fileRef = 1890CD1D1D712BD70031484E /* LFTopDrawerViewController.m */; };
/* End PBXBuildFile section */

/* Begin PBXContainerItemProxy section */
		1890CD001D712B790031484E /* PBXContainerItemProxy */ = {
			isa = PBXContainerItemProxy;
			containerPortal = 1890CCDE1D712B790031484E /* Project object */;
			proxyType = 1;
			remoteGlobalIDString = 1890CCE51D712B790031484E;
			remoteInfo = LFTopDrawerViewDemo;
		};
		1890CD0B1D712B790031484E /* PBXContainerItemProxy */ = {
			isa = PBXContainerItemProxy;
			containerPortal = 1890CCDE1D712B790031484E /* Project object */;
			proxyType = 1;
			remoteGlobalIDString = 1890CCE51D712B790031484E;
			remoteInfo = LFTopDrawerViewDemo;
		};
/* End PBXContainerItemProxy section */

/* Begin PBXFileReference section */
		1890CCE61D712B790031484E /* LFTopDrawerViewDemo.app */ = {isa = PBXFileReference; explicitFileType = wrapper.application; includeInIndex = 0; path = LFTopDrawerViewDemo.app; sourceTree = BUILT_PRODUCTS_DIR; };
		1890CCEA1D712B790031484E /* main.m */ = {isa = PBXFileReference; lastKnownFileType = sourcecode.c.objc; path = main.m; sourceTree = "<group>"; };
		1890CCEC1D712B790031484E /* AppDelegate.h */ = {isa = PBXFileReference; lastKnownFileType = sourcecode.c.h; path = AppDelegate.h; sourceTree = "<group>"; };
		1890CCED1D712B790031484E /* AppDelegate.m */ = {isa = PBXFileReference; lastKnownFileType = sourcecode.c.objc; path = AppDelegate.m; sourceTree = "<group>"; };
		1890CCEF1D712B790031484E /* ViewController.h */ = {isa = PBXFileReference; lastKnownFileType = sourcecode.c.h; path = ViewController.h; sourceTree = "<group>"; };
		1890CCF01D712B790031484E /* ViewController.m */ = {isa = PBXFileReference; lastKnownFileType = sourcecode.c.objc; path = ViewController.m; sourceTree = "<group>"; };
		1890CCF31D712B790031484E /* Base */ = {isa = PBXFileReference; lastKnownFileType = file.storyboard; name = Base; path = Base.lproj/Main.storyboard; sourceTree = "<group>"; };
		1890CCF51D712B790031484E /* Assets.xcassets */ = {isa = PBXFileReference; lastKnownFileType = folder.assetcatalog; path = Assets.xcassets; sourceTree = "<group>"; };
		1890CCF81D712B790031484E /* Base */ = {isa = PBXFileReference; lastKnownFileType = file.storyboard; name = Base; path = Base.lproj/LaunchScreen.storyboard; sourceTree = "<group>"; };
		1890CCFA1D712B790031484E /* Info.plist */ = {isa = PBXFileReference; lastKnownFileType = text.plist.xml; path = Info.plist; sourceTree = "<group>"; };
		1890CCFF1D712B790031484E /* LFTopDrawerViewDemoTests.xctest */ = {isa = PBXFileReference; explicitFileType = wrapper.cfbundle; includeInIndex = 0; path = LFTopDrawerViewDemoTests.xctest; sourceTree = BUILT_PRODUCTS_DIR; };
		1890CD031D712B790031484E /* LFTopDrawerViewDemoTests.m */ = {isa = PBXFileReference; lastKnownFileType = sourcecode.c.objc; path = LFTopDrawerViewDemoTests.m; sourceTree = "<group>"; };
		1890CD051D712B790031484E /* Info.plist */ = {isa = PBXFileReference; lastKnownFileType = text.plist.xml; path = Info.plist; sourceTree = "<group>"; };
		1890CD0A1D712B790031484E /* LFTopDrawerViewDemoUITests.xctest */ = {isa = PBXFileReference; explicitFileType = wrapper.cfbundle; includeInIndex = 0; path = LFTopDrawerViewDemoUITests.xctest; sourceTree = BUILT_PRODUCTS_DIR; };
		1890CD0E1D712B790031484E /* LFTopDrawerViewDemoUITests.m */ = {isa = PBXFileReference; lastKnownFileType = sourcecode.c.objc; path = LFTopDrawerViewDemoUITests.m; sourceTree = "<group>"; };
		1890CD101D712B790031484E /* Info.plist */ = {isa = PBXFileReference; lastKnownFileType = text.plist.xml; path = Info.plist; sourceTree = "<group>"; };
		1890CD1C1D712BD70031484E /* LFTopDrawerViewController.h */ = {isa = PBXFileReference; fileEncoding = 4; lastKnownFileType = sourcecode.c.h; path = LFTopDrawerViewController.h; sourceTree = "<group>"; };
		1890CD1D1D712BD70031484E /* LFTopDrawerViewController.m */ = {isa = PBXFileReference; fileEncoding = 4; lastKnownFileType = sourcecode.c.objc; path = LFTopDrawerViewController.m; sourceTree = "<group>"; };
/* End PBXFileReference section */

/* Begin PBXFrameworksBuildPhase section */
		1890CCE31D712B790031484E /* Frameworks */ = {
			isa = PBXFrameworksBuildPhase;
			buildActionMask = 2147483647;
			files = (
			);
			runOnlyForDeploymentPostprocessing = 0;
		};
		1890CCFC1D712B790031484E /* Frameworks */ = {
			isa = PBXFrameworksBuildPhase;
			buildActionMask = 2147483647;
			files = (
			);
			runOnlyForDeploymentPostprocessing = 0;
		};
		1890CD071D712B790031484E /* Frameworks */ = {
			isa = PBXFrameworksBuildPhase;
			buildActionMask = 2147483647;
			files = (
			);
			runOnlyForDeploymentPostprocessing = 0;
		};
/* End PBXFrameworksBuildPhase section */

/* Begin PBXGroup section */
		1890CCDD1D712B790031484E = {
			isa = PBXGroup;
			children = (
				1890CCE81D712B790031484E /* LFTopDrawerViewDemo */,
				1890CD021D712B790031484E /* LFTopDrawerViewDemoTests */,
				1890CD0D1D712B790031484E /* LFTopDrawerViewDemoUITests */,
				1890CCE71D712B790031484E /* Products */,
			);
			sourceTree = "<group>";
		};
		1890CCE71D712B790031484E /* Products */ = {
			isa = PBXGroup;
			children = (
				1890CCE61D712B790031484E /* LFTopDrawerViewDemo.app */,
				1890CCFF1D712B790031484E /* LFTopDrawerViewDemoTests.xctest */,
				1890CD0A1D712B790031484E /* LFTopDrawerViewDemoUITests.xctest */,
			);
			name = Products;
			sourceTree = "<group>";
		};
		1890CCE81D712B790031484E /* LFTopDrawerViewDemo */ = {
			isa = PBXGroup;
			children = (
				1890CCEC1D712B790031484E /* AppDelegate.h */,
				1890CCED1D712B790031484E /* AppDelegate.m */,
				1890CCEF1D712B790031484E /* ViewController.h */,
				1890CCF01D712B790031484E /* ViewController.m */,
				1890CD1F1D712BDF0031484E /* LFTopDrawerViewController */,
				1890CCF21D712B790031484E /* Main.storyboard */,
				1890CCF51D712B790031484E /* Assets.xcassets */,
				1890CCF71D712B790031484E /* LaunchScreen.storyboard */,
				1890CCFA1D712B790031484E /* Info.plist */,
				1890CCE91D712B790031484E /* Supporting Files */,
			);
			path = LFTopDrawerViewDemo;
			sourceTree = "<group>";
		};
		1890CCE91D712B790031484E /* Supporting Files */ = {
			isa = PBXGroup;
			children = (
				1890CCEA1D712B790031484E /* main.m */,
			);
			name = "Supporting Files";
			sourceTree = "<group>";
		};
		1890CD021D712B790031484E /* LFTopDrawerViewDemoTests */ = {
			isa = PBXGroup;
			children = (
				1890CD031D712B790031484E /* LFTopDrawerViewDemoTests.m */,
				1890CD051D712B790031484E /* Info.plist */,
			);
			path = LFTopDrawerViewDemoTests;
			sourceTree = "<group>";
		};
		1890CD0D1D712B790031484E /* LFTopDrawerViewDemoUITests */ = {
			isa = PBXGroup;
			children = (
				1890CD0E1D712B790031484E /* LFTopDrawerViewDemoUITests.m */,
				1890CD101D712B790031484E /* Info.plist */,
			);
			path = LFTopDrawerViewDemoUITests;
			sourceTree = "<group>";
		};
		1890CD1F1D712BDF0031484E /* LFTopDrawerViewController */ = {
			isa = PBXGroup;
			children = (
				1890CD1C1D712BD70031484E /* LFTopDrawerViewController.h */,
				1890CD1D1D712BD70031484E /* LFTopDrawerViewController.m */,
			);
			path = LFTopDrawerViewController;
			sourceTree = "<group>";
		};
/* End PBXGroup section */

/* Begin PBXNativeTarget section */
		1890CCE51D712B790031484E /* LFTopDrawerViewDemo */ = {
			isa = PBXNativeTarget;
			buildConfigurationList = 1890CD131D712B790031484E /* Build configuration list for PBXNativeTarget "LFTopDrawerViewDemo" */;
			buildPhases = (
				1890CCE21D712B790031484E /* Sources */,
				1890CCE31D712B790031484E /* Frameworks */,
				1890CCE41D712B790031484E /* Resources */,
			);
			buildRules = (
			);
			dependencies = (
			);
			name = LFTopDrawerViewDemo;
			productName = LFTopDrawerViewDemo;
			productReference = 1890CCE61D712B790031484E /* LFTopDrawerViewDemo.app */;
			productType = "com.apple.product-type.application";
		};
		1890CCFE1D712B790031484E /* LFTopDrawerViewDemoTests */ = {
			isa = PBXNativeTarget;
			buildConfigurationList = 1890CD161D712B790031484E /* Build configuration list for PBXNativeTarget "LFTopDrawerViewDemoTests" */;
			buildPhases = (
				1890CCFB1D712B790031484E /* Sources */,
				1890CCFC1D712B790031484E /* Frameworks */,
				1890CCFD1D712B790031484E /* Resources */,
			);
			buildRules = (
			);
			dependencies = (
				1890CD011D712B790031484E /* PBXTargetDependency */,
			);
			name = LFTopDrawerViewDemoTests;
			productName = LFTopDrawerViewDemoTests;
			productReference = 1890CCFF1D712B790031484E /* LFTopDrawerViewDemoTests.xctest */;
			productType = "com.apple.product-type.bundle.unit-test";
		};
		1890CD091D712B790031484E /* LFTopDrawerViewDemoUITests */ = {
			isa = PBXNativeTarget;
			buildConfigurationList = 1890CD191D712B790031484E /* Build configuration list for PBXNativeTarget "LFTopDrawerViewDemoUITests" */;
			buildPhases = (
				1890CD061D712B790031484E /* Sources */,
				1890CD071D712B790031484E /* Frameworks */,
				1890CD081D712B790031484E /* Resources */,
			);
			buildRules = (
			);
			dependencies = (
				1890CD0C1D712B790031484E /* PBXTargetDependency */,
			);
			name = LFTopDrawerViewDemoUITests;
			productName = LFTopDrawerViewDemoUITests;
			productReference = 1890CD0A1D712B790031484E /* LFTopDrawerViewDemoUITests.xctest */;
			productType = "com.apple.product-type.bundle.ui-testing";
		};
/* End PBXNativeTarget section */

/* Begin PBXProject section */
		1890CCDE1D712B790031484E /* Project object */ = {
			isa = PBXProject;
			attributes = {
				LastUpgradeCheck = 0730;
				ORGANIZATIONNAME = "刘雨笛";
				TargetAttributes = {
					1890CCE51D712B790031484E = {
						CreatedOnToolsVersion = 7.3.1;
						DevelopmentTeam = X8GCZM2N7U;
					};
					1890CCFE1D712B790031484E = {
						CreatedOnToolsVersion = 7.3.1;
						DevelopmentTeam = X8GCZM2N7U;
						TestTargetID = 1890CCE51D712B790031484E;
					};
					1890CD091D712B790031484E = {
						CreatedOnToolsVersion = 7.3.1;
						DevelopmentTeam = X8GCZM2N7U;
						TestTargetID = 1890CCE51D712B790031484E;
					};
				};
			};
			buildConfigurationList = 1890CCE11D712B790031484E /* Build configuration list for PBXProject "LFTopDrawerViewDemo" */;
			compatibilityVersion = "Xcode 3.2";
			developmentRegion = English;
			hasScannedForEncodings = 0;
			knownRegions = (
				en,
				Base,
			);
			mainGroup = 1890CCDD1D712B790031484E;
			productRefGroup = 1890CCE71D712B790031484E /* Products */;
			projectDirPath = "";
			projectRoot = "";
			targets = (
				1890CCE51D712B790031484E /* LFTopDrawerViewDemo */,
				1890CCFE1D712B790031484E /* LFTopDrawerViewDemoTests */,
				1890CD091D712B790031484E /* LFTopDrawerViewDemoUITests */,
			);
		};
/* End PBXProject section */

/* Begin PBXResourcesBuildPhase section */
		1890CCE41D712B790031484E /* Resources */ = {
			isa = PBXResourcesBuildPhase;
			buildActionMask = 2147483647;
			files = (
				1890CCF91D712B790031484E /* LaunchScreen.storyboard in Resources */,
				1890CCF61D712B790031484E /* Assets.xcassets in Resources */,
				1890CCF41D712B790031484E /* Main.storyboard in Resources */,
			);
			runOnlyForDeploymentPostprocessing = 0;
		};
		1890CCFD1D712B790031484E /* Resources */ = {
			isa = PBXResourcesBuildPhase;
			buildActionMask = 2147483647;
			files = (
			);
			runOnlyForDeploymentPostprocessing = 0;
		};
		1890CD081D712B790031484E /* Resources */ = {
			isa = PBXResourcesBuildPhase;
			buildActionMask = 2147483647;
			files = (
			);
			runOnlyForDeploymentPostprocessing = 0;
		};
/* End PBXResourcesBuildPhase section */

/* Begin PBXSourcesBuildPhase section */
		1890CCE21D712B790031484E /* Sources */ = {
			isa = PBXSourcesBuildPhase;
			buildActionMask = 2147483647;
			files = (
				1890CCF11D712B790031484E /* ViewController.m in Sources */,
				1890CCEE1D712B790031484E /* AppDelegate.m in Sources */,
				1890CCEB1D712B790031484E /* main.m in Sources */,
				1890CD1E1D712BD70031484E /* LFTopDrawerViewController.m in Sources */,
			);
			runOnlyForDeploymentPostprocessing = 0;
		};
		1890CCFB1D712B790031484E /* Sources */ = {
			isa = PBXSourcesBuildPhase;
			buildActionMask = 2147483647;
			files = (
				1890CD041D712B790031484E /* LFTopDrawerViewDemoTests.m in Sources */,
			);
			runOnlyForDeploymentPostprocessing = 0;
		};
		1890CD061D712B790031484E /* Sources */ = {
			isa = PBXSourcesBuildPhase;
			buildActionMask = 2147483647;
			files = (
				1890CD0F1D712B790031484E /* LFTopDrawerViewDemoUITests.m in Sources */,
			);
			runOnlyForDeploymentPostprocessing = 0;
		};
/* End PBXSourcesBuildPhase section */

/* Begin PBXTargetDependency section */
		1890CD011D712B790031484E /* PBXTargetDependency */ = {
			isa = PBXTargetDependency;
			target = 1890CCE51D712B790031484E /* LFTopDrawerViewDemo */;
			targetProxy = 1890CD001D712B790031484E /* PBXContainerItemProxy */;
		};
		1890CD0C1D712B790031484E /* PBXTargetDependency */ = {
			isa = PBXTargetDependency;
			target = 1890CCE51D712B790031484E /* LFTopDrawerViewDemo */;
			targetProxy = 1890CD0B1D712B790031484E /* PBXContainerItemProxy */;
		};
/* End PBXTargetDependency section */

/* Begin PBXVariantGroup section */
		1890CCF21D712B790031484E /* Main.storyboard */ = {
			isa = PBXVariantGroup;
			children = (
				1890CCF31D712B790031484E /* Base */,
			);
			name = Main.storyboard;
			sourceTree = "<group>";
		};
		1890CCF71D712B790031484E /* LaunchScreen.storyboard */ = {
			isa = PBXVariantGroup;
			children = (
				1890CCF81D712B790031484E /* Base */,
			);
			name = LaunchScreen.storyboard;
			sourceTree = "<group>";
		};
/* End PBXVariantGroup section */

/* Begin XCBuildConfiguration section */
		1890CD111D712B790031484E /* Debug */ = {
			isa = XCBuildConfiguration;
			buildSettings = {
				ALWAYS_SEARCH_USER_PATHS = NO;
				CLANG_ANALYZER_NONNULL = YES;
				CLANG_CXX_LANGUAGE_STANDARD = "gnu++0x";
				CLANG_CXX_LIBRARY = "libc++";
				CLANG_ENABLE_MODULES = YES;
				CLANG_ENABLE_OBJC_ARC = YES;
				CLANG_WARN_BOOL_CONVERSION = YES;
				CLANG_WARN_CONSTANT_CONVERSION = YES;
				CLANG_WARN_DIRECT_OBJC_ISA_USAGE = YES_ERROR;
				CLANG_WARN_EMPTY_BODY = YES;
				CLANG_WARN_ENUM_CONVERSION = YES;
				CLANG_WARN_INT_CONVERSION = YES;
				CLANG_WARN_OBJC_ROOT_CLASS = YES_ERROR;
				CLANG_WARN_UNREACHABLE_CODE = YES;
				CLANG_WARN__DUPLICATE_METHOD_MATCH = YES;
				"CODE_SIGN_IDENTITY[sdk=iphoneos*]" = "iPhone Developer";
				COPY_PHASE_STRIP = NO;
				DEBUG_INFORMATION_FORMAT = dwarf;
				ENABLE_STRICT_OBJC_MSGSEND = YES;
				ENABLE_TESTABILITY = YES;
				GCC_C_LANGUAGE_STANDARD = gnu99;
				GCC_DYNAMIC_NO_PIC = NO;
				GCC_NO_COMMON_BLOCKS = YES;
				GCC_OPTIMIZATION_LEVEL = 0;
				GCC_PREPROCESSOR_DEFINITIONS = (
					"DEBUG=1",
					"$(inherited)",
				);
				GCC_WARN_64_TO_32_BIT_CONVERSION = YES;
				GCC_WARN_ABOUT_RETURN_TYPE = YES_ERROR;
				GCC_WARN_UNDECLARED_SELECTOR = YES;
				GCC_WARN_UNINITIALIZED_AUTOS = YES_AGGRESSIVE;
				GCC_WARN_UNUSED_FUNCTION = YES;
				GCC_WARN_UNUSED_VARIABLE = YES;
				IPHONEOS_DEPLOYMENT_TARGET = 9.3;
				MTL_ENABLE_DEBUG_INFO = YES;
				ONLY_ACTIVE_ARCH = YES;
				SDKROOT = iphoneos;
			};
			name = Debug;
		};
		1890CD121D712B790031484E /* Release */ = {
			isa = XCBuildConfiguration;
			buildSettings = {
				ALWAYS_SEARCH_USER_PATHS = NO;
				CLANG_ANALYZER_NONNULL = YES;
				CLANG_CXX_LANGUAGE_STANDARD = "gnu++0x";
				CLANG_CXX_LIBRARY = "libc++";
				CLANG_ENABLE_MODULES = YES;
				CLANG_ENABLE_OBJC_ARC = YES;
				CLANG_WARN_BOOL_CONVERSION = YES;
				CLANG_WARN_CONSTANT_CONVERSION = YES;
				CLANG_WARN_DIRECT_OBJC_ISA_USAGE = YES_ERROR;
				CLANG_WARN_EMPTY_BODY = YES;
				CLANG_WARN_ENUM_CONVERSION = YES;
				CLANG_WARN_INT_CONVERSION = YES;
				CLANG_WARN_OBJC_ROOT_CLASS = YES_ERROR;
				CLANG_WARN_UNREACHABLE_CODE = YES;
				CLANG_WARN__DUPLICATE_METHOD_MATCH = YES;
				"CODE_SIGN_IDENTITY[sdk=iphoneos*]" = "iPhone Developer";
				COPY_PHASE_STRIP = NO;
				DEBUG_INFORMATION_FORMAT = "dwarf-with-dsym";
				ENABLE_NS_ASSERTIONS = NO;
				ENABLE_STRICT_OBJC_MSGSEND = YES;
				GCC_C_LANGUAGE_STANDARD = gnu99;
				GCC_NO_COMMON_BLOCKS = YES;
				GCC_WARN_64_TO_32_BIT_CONVERSION = YES;
				GCC_WARN_ABOUT_RETURN_TYPE = YES_ERROR;
				GCC_WARN_UNDECLARED_SELECTOR = YES;
				GCC_WARN_UNINITIALIZED_AUTOS = YES_AGGRESSIVE;
				GCC_WARN_UNUSED_FUNCTION = YES;
				GCC_WARN_UNUSED_VARIABLE = YES;
				IPHONEOS_DEPLOYMENT_TARGET = 9.3;
				MTL_ENABLE_DEBUG_INFO = NO;
				SDKROOT = iphoneos;
				VALIDATE_PRODUCT = YES;
			};
			name = Release;
		};
		1890CD141D712B790031484E /* Debug */ = {
			isa = XCBuildConfiguration;
			buildSettings = {
				ASSETCATALOG_COMPILER_APPICON_NAME = AppIcon;
				INFOPLIST_FILE = LFTopDrawerViewDemo/Info.plist;
				LD_RUNPATH_SEARCH_PATHS = "$(inherited) @executable_path/Frameworks";
				PRODUCT_BUNDLE_IDENTIFIER = lyd.LFTopDrawerViewDemo;
				PRODUCT_NAME = "$(TARGET_NAME)";
			};
			name = Debug;
		};
		1890CD151D712B790031484E /* Release */ = {
			isa = XCBuildConfiguration;
			buildSettings = {
				ASSETCATALOG_COMPILER_APPICON_NAME = AppIcon;
				INFOPLIST_FILE = LFTopDrawerViewDemo/Info.plist;
				LD_RUNPATH_SEARCH_PATHS = "$(inherited) @executable_path/Frameworks";
				PRODUCT_BUNDLE_IDENTIFIER = lyd.LFTopDrawerViewDemo;
				PRODUCT_NAME = "$(TARGET_NAME)";
			};
			name = Release;
		};
		1890CD171D712B790031484E /* Debug */ = {
			isa = XCBuildConfiguration;
			buildSettings = {
				BUNDLE_LOADER = "$(TEST_HOST)";
				INFOPLIST_FILE = LFTopDrawerViewDemoTests/Info.plist;
				LD_RUNPATH_SEARCH_PATHS = "$(inherited) @executable_path/Frameworks @loader_path/Frameworks";
				PRODUCT_BUNDLE_IDENTIFIER = lyd.LFTopDrawerViewDemoTests;
				PRODUCT_NAME = "$(TARGET_NAME)";
				TEST_HOST = "$(BUILT_PRODUCTS_DIR)/LFTopDrawerViewDemo.app/LFTopDrawerViewDemo";
			};
			name = Debug;
		};
		1890CD181D712B790031484E /* Release */ = {
			isa = XCBuildConfiguration;
			buildSettings = {
				BUNDLE_LOADER = "$(TEST_HOST)";
				INFOPLIST_FILE = LFTopDrawerViewDemoTests/Info.plist;
				LD_RUNPATH_SEARCH_PATHS = "$(inherited) @executable_path/Frameworks @loader_path/Frameworks";
				PRODUCT_BUNDLE_IDENTIFIER = lyd.LFTopDrawerViewDemoTests;
				PRODUCT_NAME = "$(TARGET_NAME)";
				TEST_HOST = "$(BUILT_PRODUCTS_DIR)/LFTopDrawerViewDemo.app/LFTopDrawerViewDemo";
			};
			name = Release;
		};
		1890CD1A1D712B790031484E /* Debug */ = {
			isa = XCBuildConfiguration;
			buildSettings = {
				INFOPLIST_FILE = LFTopDrawerViewDemoUITests/Info.plist;
				LD_RUNPATH_SEARCH_PATHS = "$(inherited) @executable_path/Frameworks @loader_path/Frameworks";
				PRODUCT_BUNDLE_IDENTIFIER = lyd.LFTopDrawerViewDemoUITests;
				PRODUCT_NAME = "$(TARGET_NAME)";
				TEST_TARGET_NAME = LFTopDrawerViewDemo;
			};
			name = Debug;
		};
		1890CD1B1D712B790031484E /* Release */ = {
			isa = XCBuildConfiguration;
			buildSettings = {
				INFOPLIST_FILE = LFTopDrawerViewDemoUITests/Info.plist;
				LD_RUNPATH_SEARCH_PATHS = "$(inherited) @executable_path/Frameworks @loader_path/Frameworks";
				PRODUCT_BUNDLE_IDENTIFIER = lyd.LFTopDrawerViewDemoUITests;
				PRODUCT_NAME = "$(TARGET_NAME)";
				TEST_TARGET_NAME = LFTopDrawerViewDemo;
			};
			name = Release;
		};
/* End XCBuildConfiguration section */

/* Begin XCConfigurationList section */
		1890CCE11D712B790031484E /* Build configuration list for PBXProject "LFTopDrawerViewDemo" */ = {
			isa = XCConfigurationList;
			buildConfigurations = (
				1890CD111D712B790031484E /* Debug */,
				1890CD121D712B790031484E /* Release */,
			);
			defaultConfigurationIsVisible = 0;
			defaultConfigurationName = Release;
		};
		1890CD131D712B790031484E /* Build configuration list for PBXNativeTarget "LFTopDrawerViewDemo" */ = {
			isa = XCConfigurationList;
			buildConfigurations = (
				1890CD141D712B790031484E /* Debug */,
				1890CD151D712B790031484E /* Release */,
			);
			defaultConfigurationIsVisible = 0;
		};
		1890CD161D712B790031484E /* Build configuration list for PBXNativeTarget "LFTopDrawerViewDemoTests" */ = {
			isa = XCConfigurationList;
			buildConfigurations = (
				1890CD171D712B790031484E /* Debug */,
				1890CD181D712B790031484E /* Release */,
			);
			defaultConfigurationIsVisible = 0;
		};
		1890CD191D712B790031484E /* Build configuration list for PBXNativeTarget "LFTopDrawerViewDemoUITests" */ = {
			isa = XCConfigurationList;
			buildConfigurations = (
				1890CD1A1D712B790031484E /* Debug */,
				1890CD1B1D712B790031484E /* Release */,
			);
			defaultConfigurationIsVisible = 0;
		};
/* End XCConfigurationList section */
	};
	rootObject = 1890CCDE1D712B790031484E /* Project object */;
}
